
Microsoft Visual Studio Solution File, Format Version 12.00
# Visual Studio Version 17
VisualStudioVersion = 17.1.32319.34
MinimumVisualStudioVersion = 10.0.40219.1
Project("{FAE04EC0-301F-11D3-BF4B-00C04F79EFBC}") = "AroxInstaller", "AroxInstaller\AroxInstaller.csproj", "{2FBDE241-A45A-4550-8164-E57099DACB15}"
EndProject
Global
	GlobalSection(SolutionConfigurationPlatforms) = preSolution
		Debug|Any CPU = Debug|Any CPU
		Release|Any CPU = Release|Any CPU
	EndGlobalSection
	GlobalSection(ProjectConfigurationPlatforms) = postSolution
		{2FBDE241-A45A-4550-8164-E57099DACB15}.Debug|Any CPU.ActiveCfg = Debug|Any CPU
		{2FBDE241-A45A-4550-8164-E57099DACB15}.Debug|Any CPU.Build.0 = Debug|Any CPU
		{2FBDE241-A45A-4550-8164-E57099DACB15}.Release|Any CPU.ActiveCfg = Release|Any CPU
		{2FBDE241-A45A-4550-8164-E57099DACB15}.Release|Any CPU.Build.0 = Release|Any CPU
	EndGlobalSection
	GlobalSection(SolutionProperties) = preSolution
		HideSolutionNode = FALSE
	EndGlobalSection
	GlobalSection(ExtensibilityGlobals) = postSolution
		SolutionGuid = {DB315079-B6FC-49DF-8386-ACFBD8E54300}
	EndGlobalSection
EndGlobal
